{
  "name": "dropdown-menu-karnven",
  "version": "1.0.0",
  "lockfileVersion": 3,
  "requires": true,
  "packages": {
    "": {
      "name": "dropdown-menu-karnven",
      "version": "1.0.0",
      "license": "ISC",
      "dependencies": {
        "dropdown-menu-karnven": "^1.0.0"
      }
    },
    "node_modules/dropdown-menu-karnven": {
      "version": "1.0.0",
      "resolved": "https://registry.npmjs.org/dropdown-menu-karnven/-/dropdown-menu-karnven-1.0.0.tgz",
      "integrity": "sha512-T+zZCgV211nn5DSWSDUaTjIb258k53KZU3j16LPCYVKpHBSHgvIgYqHJdIMUn4GqvF4RBmQ5t8S8trk+Y+M00Q==",
      "license": "ISC"
    }
  }
}
